
Microsoft Visual Studio Solution File, Format Version 12.00
# Visual Studio Version 17
VisualStudioVersion = 17.12.35707.178 d17.12
MinimumVisualStudioVersion = 10.0.40219.1
Project("{FAE04EC0-301F-11D3-BF4B-00C04F79EFBC}") = "Bank", "Bank\Bank.csproj", "{2A5F4503-0D9D-48CD-9364-D7F421519252}"
EndProject
Project("{FAE04EC0-301F-11D3-BF4B-00C04F79EFBC}") = "BankTests", "BankTests\BankTests.csproj", "{EB14D60E-14E1-4BD9-858D-C210FF382559}"
EndProject
Global
	GlobalSection(SolutionConfigurationPlatforms) = preSolution
		Debug|Any CPU = Debug|Any CPU
		Release|Any CPU = Release|Any CPU
	EndGlobalSection
	GlobalSection(ProjectConfigurationPlatforms) = postSolution
		{2A5F4503-0D9D-48CD-9364-D7F421519252}.Debug|Any CPU.ActiveCfg = Debug|Any CPU
		{2A5F4503-0D9D-48CD-9364-D7F421519252}.Debug|Any CPU.Build.0 = Debug|Any CPU
		{2A5F4503-0D9D-48CD-9364-D7F421519252}.Release|Any CPU.ActiveCfg = Release|Any CPU
		{2A5F4503-0D9D-48CD-9364-D7F421519252}.Release|Any CPU.Build.0 = Release|Any CPU
		{EB14D60E-14E1-4BD9-858D-C210FF382559}.Debug|Any CPU.ActiveCfg = Debug|Any CPU
		{EB14D60E-14E1-4BD9-858D-C210FF382559}.Debug|Any CPU.Build.0 = Debug|Any CPU
		{EB14D60E-14E1-4BD9-858D-C210FF382559}.Release|Any CPU.ActiveCfg = Release|Any CPU
		{EB14D60E-14E1-4BD9-858D-C210FF382559}.Release|Any CPU.Build.0 = Release|Any CPU
	EndGlobalSection
	GlobalSection(SolutionProperties) = preSolution
		HideSolutionNode = FALSE
	EndGlobalSection
EndGlobal
